<?xml version="1.0" encoding="utf-8"?>
<Project ToolsVersion="4.0" xmlns="http://schemas.microsoft.com/developer/msbuild/2003">
  <ItemGroup>
    <Filter Include="Source Files">
      <UniqueIdentifier>{4FC737F1-C7A5-4376-A066-2A32D752A2FF}</UniqueIdentifier>
      <Extensions>cpp;c;cc;cxx;def;odl;idl;hpj;bat;asm;asmx</Extensions>
    </Filter>
    <Filter Include="Source Files\App">
      <UniqueIdentifier>{9201fb0e-722e-4c0a-afd0-a1b3f6e38bba}</UniqueIdentifier>
    </Filter>
    <Filter Include="Source Files\App\App Helpers">
      <UniqueIdentifier>{b23713b1-6194-43b1-b27d-c332c358dc0e}</UniqueIdentifier>
    </Filter>
    <Filter Include="Source Files\App\App Helpers\Input">
      <UniqueIdentifier>{2625dd39-8766-4aa2-a796-0ed916bdfe3a}</UniqueIdentifier>
    </Filter>
    <Filter Include="Source Files\App\App Helpers\Misc">
      <UniqueIdentifier>{fe02b0c7-cf98-4d72-84ff-8273d6a9654c}</UniqueIdentifier>
    </Filter>
    <Filter Include="Source Files\App\App Helpers\Components">
      <UniqueIdentifier>{bf5c1e96-7913-49b3-96f6-ca93d9dd9e4d}</UniqueIdentifier>
    </Filter>
    <Filter Include="Source Files\App\App Helpers\Cameras">
      <UniqueIdentifier>{be9e2e7d-a11d-477c-ad60-8bd5ba7333ce}</UniqueIdentifier>
    </Filter>
    <Filter Include="SharedHeaders">
      <UniqueIdentifier>{2a28e26d-70eb-4874-aeca-3777680e7ee4}</UniqueIdentifier>
    </Filter>
    <Filter Include="Source Files\App\App Helpers\Math">
      <UniqueIdentifier>{6f4df9fc-f44d-45b8-83f0-51006cac2b69}</UniqueIdentifier>
    </Filter>
    <Filter Include="Source Files\App\Apps">
      <UniqueIdentifier>{e33bdc32-4f8f-4faa-a76a-54012999cc08}</UniqueIdentifier>
    </Filter>
    <Filter Include="Source Files\App\Apps\Core App">
      <UniqueIdentifier>{3e2262ed-6b86-4bf6-b200-e41732fc3548}</UniqueIdentifier>
    </Filter>
    <Filter Include="Source Files\App\Apps\Shell Apps">
      <UniqueIdentifier>{160b7dd3-55ff-4bef-aa28-10b699da7140}</UniqueIdentifier>
    </Filter>
    <Filter Include="Source Files\App\App Helpers\Renderer">
      <UniqueIdentifier>{59c0c101-4d93-43d3-92d3-38c59cefcf7b}</UniqueIdentifier>
    </Filter>
    <Filter Include="Source Files\App\App Helpers\Renderer\Renderer Helpers">
      <UniqueIdentifier>{d6860840-036b-46d3-a3c5-81679a292fc8}</UniqueIdentifier>
    </Filter>
    <Filter Include="Source Files\App\App Helpers\Renderer\Renderer Helpers\RenderTargets">
      <UniqueIdentifier>{a1d177ee-15dc-43b2-bcf1-44e34fe4cc53}</UniqueIdentifier>
    </Filter>
    <Filter Include="Source Files\App\App Helpers\Renderer\Renderer Helpers\Buffers">
      <UniqueIdentifier>{b2424b68-41cf-4a7c-afa2-f2e8ab57f2c6}</UniqueIdentifier>
    </Filter>
    <Filter Include="Source Files\App\App Helpers\Renderer\Renderer Helpers\Buffers\ConstantBuffers">
      <UniqueIdentifier>{3f151fd4-af53-40b1-9135-fe63434e23d0}</UniqueIdentifier>
    </Filter>
    <Filter Include="Source Files\App\App Helpers\Renderer\Renderer Helpers\Shaders">
      <UniqueIdentifier>{011e9554-18d6-4059-9ac0-82fd00b53388}</UniqueIdentifier>
    </Filter>
    <Filter Include="Source Files\App\App Helpers\Renderer\Renderer Helpers\BlendStateManager">
      <UniqueIdentifier>{99fae7e6-efaa-40c9-a3bd-3ea106ca13cd}</UniqueIdentifier>
    </Filter>
    <Filter Include="Source Files\App\App Helpers\Renderer\Renderer Helpers\DepthStencilStateManager">
      <UniqueIdentifier>{b2adf4ea-4ba1-484e-ace8-ecff0cde57cc}</UniqueIdentifier>
    </Filter>
    <Filter Include="Source Files\App\App Helpers\Renderer\Renderer Helpers\SamplerStateManager">
      <UniqueIdentifier>{bceb8467-95a0-4b2d-8074-67d0e3d1ac3c}</UniqueIdentifier>
    </Filter>
    <Filter Include="Source Files\App\App Helpers\Renderer\Renderer Helpers\RasterizerStates">
      <UniqueIdentifier>{c2f96659-0336-4ecd-beb2-28d21f2f8c0c}</UniqueIdentifier>
    </Filter>
    <Filter Include="Source Files\App\App Helpers\Renderer\Renderer Helpers\Textures">
      <UniqueIdentifier>{efd6f8fa-a7e6-4017-9d24-844b8fb0e91d}</UniqueIdentifier>
    </Filter>
    <Filter Include="Source Files\App\App Helpers\Renderer\Renderer Helpers\Animation">
      <UniqueIdentifier>{0f774e83-6f98-4210-a0d7-bca85460252f}</UniqueIdentifier>
    </Filter>
    <Filter Include="Source Files\App\App Helpers\Renderer\Core">
      <UniqueIdentifier>{2e85b65f-3b97-4205-8fd5-a05b5d24215e}</UniqueIdentifier>
    </Filter>
    <Filter Include="Source Files\App\App Helpers\Renderer\Core\Passes">
      <UniqueIdentifier>{ff35154c-7337-4c59-ae77-d0714bf78a4e}</UniqueIdentifier>
    </Filter>
    <Filter Include="Source Files\App\App Helpers\Renderer\Core\Techniques">
      <UniqueIdentifier>{ddb24943-9d3e-42f4-8c9e-2dc8326a88ea}</UniqueIdentifier>
    </Filter>
    <Filter Include="Source Files\App\App Helpers\Renderer\Renderer Helpers\Defines">
      <UniqueIdentifier>{4d007555-425e-4f04-8306-e77353676ccb}</UniqueIdentifier>
    </Filter>
    <Filter Include="Source Files\App\App Helpers\Renderer\Renderer Helpers\Shaders\Shader HLSL">
      <UniqueIdentifier>{cb3eebbe-2e36-4873-a813-1a1984a31f3c}</UniqueIdentifier>
    </Filter>
    <Filter Include="Source Files\App\App Helpers\Renderer\Renderer Helpers\Shaders\Shader HLSL\SkinnedAnimation">
      <UniqueIdentifier>{0c6930fc-cdc5-4772-8ff4-05bb3f6a7e38}</UniqueIdentifier>
    </Filter>
    <Filter Include="Source Files\App\App Helpers\Renderer\Renderer Helpers\Shaders\Shader Wrapper">
      <UniqueIdentifier>{7bf856ac-7575-4259-8ff2-038c80bef68b}</UniqueIdentifier>
    </Filter>
    <Filter Include="Source Files\App\App Helpers\Renderer\Core\PipelineStates">
      <UniqueIdentifier>{c3c8f46f-e4a0-4f99-8c57-0f1a18317617}</UniqueIdentifier>
    </Filter>
    <Filter Include="Source Files\App\App Helpers\Renderer\Renderer Helpers\Geometry">
      <UniqueIdentifier>{60057b24-cfc4-4907-b123-bb743bcd6893}</UniqueIdentifier>
    </Filter>
    <Filter Include="Source Files\App\App Helpers\Renderer\Core\Renderer">
      <UniqueIdentifier>{bb69a0fc-dc5f-482f-b765-9318289dafd6}</UniqueIdentifier>
    </Filter>
    <Filter Include="Source Files\App\App Helpers\Renderer\Renderer Helpers\Buffers\VertexBuffer">
      <UniqueIdentifier>{6c074e7b-7fde-4eff-b703-b44c181b7c21}</UniqueIdentifier>
    </Filter>
    <Filter Include="Source Files\App\App Helpers\Renderer\Renderer Helpers\Buffers\IndexBuffer">
      <UniqueIdentifier>{eddf1bf4-3697-44d4-ad8f-a946a2404fde}</UniqueIdentifier>
    </Filter>
  </ItemGroup>
  <ItemGroup>
    <ClInclude Include="App\BaseApp.h">
      <Filter>Source Files\App\Apps\Shell Apps</Filter>
    </ClInclude>
    <ClInclude Include="App\AppHelpers\Input\Mouse.h">
      <Filter>Source Files\App\App Helpers\Input</Filter>
    </ClInclude>
    <ClInclude Include="App\AppHelpers\Input\Keyboard.h">
      <Filter>Source Files\App\App Helpers\Input</Filter>
    </ClInclude>
    <ClInclude Include="App\AppHelpers\Misc\Clock.h">
      <Filter>Source Files\App\App Helpers\Misc</Filter>
    </ClInclude>
    <ClInclude Include="App\AppHelpers\Misc\Exception.h">
      <Filter>Source Files\App\App Helpers\Misc</Filter>
    </ClInclude>
    <ClInclude Include="App\AppHelpers\Misc\ServiceContainer.h">
      <Filter>Source Files\App\App Helpers\Misc</Filter>
    </ClInclude>
    <ClInclude Include="App\AppHelpers\Misc\Time.h">
      <Filter>Source Files\App\App Helpers\Misc</Filter>
    </ClInclude>
    <ClInclude Include="App\AppHelpers\Components\BaseComponent.h">
      <Filter>Source Files\App\App Helpers\Components</Filter>
    </ClInclude>
    <ClInclude Include="App\AppHelpers\Components\RenderableComponent.h">
      <Filter>Source Files\App\App Helpers\Components</Filter>
    </ClInclude>
    <ClInclude Include="Shared\rtti.h">
      <Filter>SharedHeaders</Filter>
    </ClInclude>
    <ClInclude Include="Shared\SharedUtils.h">
      <Filter>SharedHeaders</Filter>
    </ClInclude>
    <ClInclude Include="App\IntermediaryApp.h">
      <Filter>Source Files\App\Apps\Shell Apps</Filter>
    </ClInclude>
    <ClInclude Include="App\CoreApp.h">
      <Filter>Source Files\App\Apps\Core App</Filter>
    </ClInclude>
    <ClInclude Include="App\AppHelpers\Renderer\RendererHelpers\RenderTargetStack.h">
      <Filter>Source Files\App\App Helpers\Renderer\Renderer Helpers\RenderTargets</Filter>
    </ClInclude>
    <ClInclude Include="App\AppHelpers\Renderer\RendererHelpers\BlendStateManager.h">
      <Filter>Source Files\App\App Helpers\Renderer\Renderer Helpers\BlendStateManager</Filter>
    </ClInclude>
    <ClInclude Include="App\AppHelpers\Renderer\RendererHelpers\DepthStencilStateManager.h">
      <Filter>Source Files\App\App Helpers\Renderer\Renderer Helpers\DepthStencilStateManager</Filter>
    </ClInclude>
    <ClInclude Include="App\AppHelpers\Renderer\RendererHelpers\SamplerStateManager.h">
      <Filter>Source Files\App\App Helpers\Renderer\Renderer Helpers\SamplerStateManager</Filter>
    </ClInclude>
    <ClInclude Include="App\AppHelpers\Renderer\RendererHelpers\RasterizerStateManager.h">
      <Filter>Source Files\App\App Helpers\Renderer\Renderer Helpers\RasterizerStates</Filter>
    </ClInclude>
    <ClInclude Include="App\AppHelpers\Renderer\RendererHelpers\CBs\CBPerObj.h">
      <Filter>Source Files\App\App Helpers\Renderer\Renderer Helpers\Buffers\ConstantBuffers</Filter>
    </ClInclude>
    <ClInclude Include="App\AppHelpers\Renderer\RendererHelpers\CBs\CBRefs.h">
      <Filter>Source Files\App\App Helpers\Renderer\Renderer Helpers\Buffers\ConstantBuffers</Filter>
    </ClInclude>
    <ClInclude Include="App\AppHelpers\Renderer\RendererHelpers\CBs\ConstantBuffer.h">
      <Filter>Source Files\App\App Helpers\Renderer\Renderer Helpers\Buffers\ConstantBuffers</Filter>
    </ClInclude>
    <ClInclude Include="App\AppHelpers\Renderer\RendererHelpers\CBs\Light.h">
      <Filter>Source Files\App\App Helpers\Renderer\Renderer Helpers\Textures</Filter>
    </ClInclude>
    <ClInclude Include="App\AppHelpers\Math\MatrixFuncs.h">
      <Filter>Source Files\App\App Helpers\Math</Filter>
    </ClInclude>
    <ClInclude Include="App\AppHelpers\Math\VectorDefines.h">
      <Filter>Source Files\App\App Helpers\Math</Filter>
    </ClInclude>
    <ClInclude Include="App\AppHelpers\Renderer\OpaquePass.h">
      <Filter>Source Files\App\App Helpers\Renderer\Core\Passes</Filter>
    </ClInclude>
    <ClInclude Include="App\AppHelpers\Renderer\TransparentPass.h">
      <Filter>Source Files\App\App Helpers\Renderer\Core\Passes</Filter>
    </ClInclude>
    <ClInclude Include="App\AppHelpers\Renderer\Technique.h">
      <Filter>Source Files\App\App Helpers\Renderer\Core\Techniques</Filter>
    </ClInclude>
    <ClInclude Include="App\AppHelpers\Renderer\ClearPass.h">
      <Filter>Source Files\App\App Helpers\Renderer\Core\Passes</Filter>
    </ClInclude>
    <ClInclude Include="App\AppHelpers\Renderer\VertexStructs.h">
      <Filter>Source Files\App\App Helpers\Renderer\Renderer Helpers\Defines</Filter>
    </ClInclude>
    <ClInclude Include="App\AppHelpers\Renderer\RendererHelpers\CBs\CBPerFrame.h">
      <Filter>Source Files\App\App Helpers\Renderer\Renderer Helpers\Buffers\ConstantBuffers</Filter>
    </ClInclude>
    <ClInclude Include="App\AppHelpers\Renderer\RendererHelpers\Animation\AssimpContainers.h">
      <Filter>Source Files\App\App Helpers\Renderer\Renderer Helpers\Animation</Filter>
    </ClInclude>
    <ClInclude Include="App\AppHelpers\Renderer\RendererHelpers\Animation\AssimpHeaders.h">
      <Filter>Source Files\App\App Helpers\Renderer\Renderer Helpers\Animation</Filter>
    </ClInclude>
    <ClInclude Include="App\AppHelpers\Renderer\RendererHelpers\Shader.h">
      <Filter>Source Files\App\App Helpers\Renderer\Renderer Helpers\Shaders\Shader Wrapper</Filter>
    </ClInclude>
    <ClInclude Include="App\AppHelpers\Renderer\PipelineState.h">
      <Filter>Source Files\App\App Helpers\Renderer\Core\PipelineStates</Filter>
    </ClInclude>
    <ClInclude Include="App\AppHelpers\Renderer\Renderer.h">
      <Filter>Source Files\App\App Helpers\Renderer\Core\Renderer</Filter>
    </ClInclude>
    <ClInclude Include="App\AppHelpers\Renderer\RendererHelpers\AnimatedMesh.h">
      <Filter>Source Files\App\App Helpers\Renderer\Renderer Helpers\Geometry</Filter>
    </ClInclude>
    <ClInclude Include="App\AppHelpers\Renderer\RendererHelpers\BaseMesh.h">
      <Filter>Source Files\App\App Helpers\Renderer\Renderer Helpers\Geometry</Filter>
    </ClInclude>
    <ClInclude Include="App\AppHelpers\Renderer\RendererHelpers\IndexBuffer.h">
      <Filter>Source Files\App\App Helpers\Renderer\Renderer Helpers\Buffers\IndexBuffer</Filter>
    </ClInclude>
    <ClInclude Include="App\AppHelpers\Renderer\RendererHelpers\VertexBuffer.h">
      <Filter>Source Files\App\App Helpers\Renderer\Renderer Helpers\Buffers\VertexBuffer</Filter>
    </ClInclude>
    <ClInclude Include="App\AppHelpers\Cameras\Camera.h">
      <Filter>Source Files\App\App Helpers\Cameras</Filter>
    </ClInclude>
    <ClInclude Include="App\AppHelpers\Renderer\RendererHelpers\ShaderRefs.h">
      <Filter>Source Files\App\App Helpers\Renderer\Renderer Helpers\Shaders</Filter>
    </ClInclude>
  </ItemGroup>
  <ItemGroup>
    <ClCompile Include="App\BaseApp.cpp">
      <Filter>Source Files\App\Apps\Shell Apps</Filter>
    </ClCompile>
    <ClCompile Include="App\ApplicationEntryPoint.cpp">
      <Filter>Source Files\App</Filter>
    </ClCompile>
    <ClCompile Include="App\AppHelpers\Input\Mouse.cpp">
      <Filter>Source Files\App\App Helpers\Input</Filter>
    </ClCompile>
    <ClCompile Include="App\AppHelpers\Input\Keyboard.cpp">
      <Filter>Source Files\App\App Helpers\Input</Filter>
    </ClCompile>
    <ClCompile Include="App\AppHelpers\Misc\Clock.cpp">
      <Filter>Source Files\App\App Helpers\Misc</Filter>
    </ClCompile>
    <ClCompile Include="App\AppHelpers\Misc\Exception.cpp">
      <Filter>Source Files\App\App Helpers\Misc</Filter>
    </ClCompile>
    <ClCompile Include="App\AppHelpers\Misc\ServiceContainer.cpp">
      <Filter>Source Files\App\App Helpers\Misc</Filter>
    </ClCompile>
    <ClCompile Include="App\AppHelpers\Misc\Time.cpp">
      <Filter>Source Files\App\App Helpers\Misc</Filter>
    </ClCompile>
    <ClCompile Include="App\AppHelpers\Components\BaseComponent.cpp">
      <Filter>Source Files\App\App Helpers\Components</Filter>
    </ClCompile>
    <ClCompile Include="App\AppHelpers\Components\RenderableComponent.cpp">
      <Filter>Source Files\App\App Helpers\Components</Filter>
    </ClCompile>
    <ClCompile Include="App\IntermediaryApp.cpp">
      <Filter>Source Files\App\Apps\Shell Apps</Filter>
    </ClCompile>
    <ClCompile Include="App\CoreApp.cpp">
      <Filter>Source Files\App\Apps\Core App</Filter>
    </ClCompile>
    <ClCompile Include="App\AppHelpers\Renderer\RendererHelpers\RenderTargetStack.cpp">
      <Filter>Source Files\App\App Helpers\Renderer\Renderer Helpers\RenderTargets</Filter>
    </ClCompile>
    <ClCompile Include="App\AppHelpers\Renderer\RendererHelpers\BlendStateManager.cpp">
      <Filter>Source Files\App\App Helpers\Renderer\Renderer Helpers\BlendStateManager</Filter>
    </ClCompile>
    <ClCompile Include="App\AppHelpers\Renderer\RendererHelpers\DepthStencilStateManager.cpp">
      <Filter>Source Files\App\App Helpers\Renderer\Renderer Helpers\DepthStencilStateManager</Filter>
    </ClCompile>
    <ClCompile Include="App\AppHelpers\Renderer\RendererHelpers\SamplerStateManager.cpp">
      <Filter>Source Files\App\App Helpers\Renderer\Renderer Helpers\SamplerStateManager</Filter>
    </ClCompile>
    <ClCompile Include="App\AppHelpers\Renderer\RendererHelpers\RasterizerStateManager.cpp">
      <Filter>Source Files\App\App Helpers\Renderer\Renderer Helpers\RasterizerStates</Filter>
    </ClCompile>
    <ClCompile Include="App\AppHelpers\Math\MatrixFuncs.cpp">
      <Filter>Source Files\App\App Helpers\Math</Filter>
    </ClCompile>
    <ClCompile Include="App\AppHelpers\Math\VectorDefines.cpp">
      <Filter>Source Files\App\App Helpers\Math</Filter>
    </ClCompile>
    <ClCompile Include="App\AppHelpers\Renderer\TransparentPass.cpp">
      <Filter>Source Files\App\App Helpers\Renderer\Core\Passes</Filter>
    </ClCompile>
    <ClCompile Include="App\AppHelpers\Renderer\OpaquePass.cpp">
      <Filter>Source Files\App\App Helpers\Renderer\Core\Passes</Filter>
    </ClCompile>
    <ClCompile Include="App\AppHelpers\Renderer\Technique.cpp">
      <Filter>Source Files\App\App Helpers\Renderer\Core\Techniques</Filter>
    </ClCompile>
    <ClCompile Include="App\AppHelpers\Renderer\ClearPass.cpp">
      <Filter>Source Files\App\App Helpers\Renderer\Core\Passes</Filter>
    </ClCompile>
    <ClCompile Include="App\AppHelpers\Renderer\RendererHelpers\Animation\AssimpContainers.cpp">
      <Filter>Source Files\App\App Helpers\Renderer\Renderer Helpers\Animation</Filter>
    </ClCompile>
    <ClCompile Include="App\AppHelpers\Renderer\RendererHelpers\Shader.cpp">
      <Filter>Source Files\App\App Helpers\Renderer\Renderer Helpers\Shaders\Shader Wrapper</Filter>
    </ClCompile>
    <ClCompile Include="App\AppHelpers\Renderer\PipelineState.cpp">
      <Filter>Source Files\App\App Helpers\Renderer\Core\PipelineStates</Filter>
    </ClCompile>
    <ClCompile Include="App\AppHelpers\Renderer\Renderer.cpp">
      <Filter>Source Files\App\App Helpers\Renderer\Core\Renderer</Filter>
    </ClCompile>
    <ClCompile Include="App\AppHelpers\Renderer\RendererHelpers\AnimatedMesh.cpp">
      <Filter>Source Files\App\App Helpers\Renderer\Renderer Helpers\Geometry</Filter>
    </ClCompile>
    <ClCompile Include="App\AppHelpers\Renderer\RendererHelpers\BaseMesh.cpp">
      <Filter>Source Files\App\App Helpers\Renderer\Renderer Helpers\Geometry</Filter>
    </ClCompile>
    <ClCompile Include="App\AppHelpers\Cameras\Camera.cpp">
      <Filter>Source Files\App\App Helpers\Cameras</Filter>
    </ClCompile>
  </ItemGroup>
  <ItemGroup>
    <FxCompile Include="App\AppHelpers\Renderer\Shaders\HLSL\SkinnedAnimPS.hlsl">
      <Filter>Source Files\App\App Helpers\Renderer\Renderer Helpers\Shaders\Shader HLSL\SkinnedAnimation</Filter>
    </FxCompile>
    <FxCompile Include="App\AppHelpers\Renderer\Shaders\HLSL\SkinnedAnimVS.hlsl">
      <Filter>Source Files\App\App Helpers\Renderer\Renderer Helpers\Shaders\Shader HLSL\SkinnedAnimation</Filter>
    </FxCompile>
  </ItemGroup>
  <ItemGroup>
    <None Include="App\AppHelpers\Renderer\Shaders\HLSL\SharedDefines.hlsl">
      <Filter>Source Files\App\App Helpers\Renderer\Renderer Helpers\Shaders\Shader HLSL</Filter>
    </None>
  </ItemGroup>
</Project>